
Microsoft Visual Studio Solution File, Format Version 12.00
# Visual Studio 14
VisualStudioVersion = 14.0.25420.1
MinimumVisualStudioVersion = 10.0.40219.1
Project("{2150E333-8FDC-42A3-9474-1A3956D46DE8}") = "Engine", "Engine", "{1D36241F-7727-47A6-A28B-175D7C335F32}"
EndProject
Project("{2150E333-8FDC-42A3-9474-1A3956D46DE8}") = "Games", "Games", "{72BCBACA-2DA5-45C7-BDFB-83D5B9F5049C}"
EndProject
Project("{8BC9CEB8-8B4A-11D0-8D11-00A0C91BC942}") = "UE4", "Intermediate\ProjectFiles\UE4.vcxproj", "{F89240E0-8568-4010-AB16-5B8A9850FDAF}"
EndProject
Project("{8BC9CEB8-8B4A-11D0-8D11-00A0C91BC942}") = "SoccerSimulator", "Intermediate\ProjectFiles\SoccerSimulator.vcxproj", "{09375017-AC99-41A5-848C-EC5AF1A071FF}"
EndProject
Global
	GlobalSection(SolutionConfigurationPlatforms) = preSolution
		DebugGame Editor|HTML5 = DebugGame Editor|HTML5
		DebugGame Editor|Win32 = DebugGame Editor|Win32
		DebugGame Editor|Win64 = DebugGame Editor|Win64
		DebugGame|HTML5 = DebugGame|HTML5
		DebugGame|Win32 = DebugGame|Win32
		DebugGame|Win64 = DebugGame|Win64
		Development Editor|HTML5 = Development Editor|HTML5
		Development Editor|Win32 = Development Editor|Win32
		Development Editor|Win64 = Development Editor|Win64
		Development|HTML5 = Development|HTML5
		Development|Win32 = Development|Win32
		Development|Win64 = Development|Win64
		Shipping|HTML5 = Shipping|HTML5
		Shipping|Win32 = Shipping|Win32
		Shipping|Win64 = Shipping|Win64
	EndGlobalSection
	GlobalSection(ProjectConfigurationPlatforms) = postSolution
		{F89240E0-8568-4010-AB16-5B8A9850FDAF}.DebugGame Editor|HTML5.ActiveCfg = BuiltWithUnrealBuildTool|Win32
		{F89240E0-8568-4010-AB16-5B8A9850FDAF}.DebugGame Editor|HTML5.Build.0 = BuiltWithUnrealBuildTool|Win32
		{F89240E0-8568-4010-AB16-5B8A9850FDAF}.DebugGame Editor|Win32.ActiveCfg = BuiltWithUnrealBuildTool|Win32
		{F89240E0-8568-4010-AB16-5B8A9850FDAF}.DebugGame Editor|Win32.Build.0 = BuiltWithUnrealBuildTool|Win32
		{F89240E0-8568-4010-AB16-5B8A9850FDAF}.DebugGame Editor|Win64.ActiveCfg = BuiltWithUnrealBuildTool|Win32
		{F89240E0-8568-4010-AB16-5B8A9850FDAF}.DebugGame Editor|Win64.Build.0 = BuiltWithUnrealBuildTool|Win32
		{F89240E0-8568-4010-AB16-5B8A9850FDAF}.DebugGame|HTML5.ActiveCfg = BuiltWithUnrealBuildTool|Win32
		{F89240E0-8568-4010-AB16-5B8A9850FDAF}.DebugGame|HTML5.Build.0 = BuiltWithUnrealBuildTool|Win32
		{F89240E0-8568-4010-AB16-5B8A9850FDAF}.DebugGame|Win32.ActiveCfg = BuiltWithUnrealBuildTool|Win32
		{F89240E0-8568-4010-AB16-5B8A9850FDAF}.DebugGame|Win32.Build.0 = BuiltWithUnrealBuildTool|Win32
		{F89240E0-8568-4010-AB16-5B8A9850FDAF}.DebugGame|Win64.ActiveCfg = BuiltWithUnrealBuildTool|Win32
		{F89240E0-8568-4010-AB16-5B8A9850FDAF}.DebugGame|Win64.Build.0 = BuiltWithUnrealBuildTool|Win32
		{F89240E0-8568-4010-AB16-5B8A9850FDAF}.Development Editor|HTML5.ActiveCfg = BuiltWithUnrealBuildTool|Win32
		{F89240E0-8568-4010-AB16-5B8A9850FDAF}.Development Editor|HTML5.Build.0 = BuiltWithUnrealBuildTool|Win32
		{F89240E0-8568-4010-AB16-5B8A9850FDAF}.Development Editor|Win32.ActiveCfg = BuiltWithUnrealBuildTool|Win32
		{F89240E0-8568-4010-AB16-5B8A9850FDAF}.Development Editor|Win32.Build.0 = BuiltWithUnrealBuildTool|Win32
		{F89240E0-8568-4010-AB16-5B8A9850FDAF}.Development Editor|Win64.ActiveCfg = BuiltWithUnrealBuildTool|Win32
		{F89240E0-8568-4010-AB16-5B8A9850FDAF}.Development Editor|Win64.Build.0 = BuiltWithUnrealBuildTool|Win32
		{F89240E0-8568-4010-AB16-5B8A9850FDAF}.Development|HTML5.ActiveCfg = BuiltWithUnrealBuildTool|Win32
		{F89240E0-8568-4010-AB16-5B8A9850FDAF}.Development|HTML5.Build.0 = BuiltWithUnrealBuildTool|Win32
		{F89240E0-8568-4010-AB16-5B8A9850FDAF}.Development|Win32.ActiveCfg = BuiltWithUnrealBuildTool|Win32
		{F89240E0-8568-4010-AB16-5B8A9850FDAF}.Development|Win32.Build.0 = BuiltWithUnrealBuildTool|Win32
		{F89240E0-8568-4010-AB16-5B8A9850FDAF}.Development|Win64.ActiveCfg = BuiltWithUnrealBuildTool|Win32
		{F89240E0-8568-4010-AB16-5B8A9850FDAF}.Development|Win64.Build.0 = BuiltWithUnrealBuildTool|Win32
		{F89240E0-8568-4010-AB16-5B8A9850FDAF}.Shipping|HTML5.ActiveCfg = BuiltWithUnrealBuildTool|Win32
		{F89240E0-8568-4010-AB16-5B8A9850FDAF}.Shipping|HTML5.Build.0 = BuiltWithUnrealBuildTool|Win32
		{F89240E0-8568-4010-AB16-5B8A9850FDAF}.Shipping|Win32.ActiveCfg = BuiltWithUnrealBuildTool|Win32
		{F89240E0-8568-4010-AB16-5B8A9850FDAF}.Shipping|Win32.Build.0 = BuiltWithUnrealBuildTool|Win32
		{F89240E0-8568-4010-AB16-5B8A9850FDAF}.Shipping|Win64.ActiveCfg = BuiltWithUnrealBuildTool|Win32
		{F89240E0-8568-4010-AB16-5B8A9850FDAF}.Shipping|Win64.Build.0 = BuiltWithUnrealBuildTool|Win32
		{09375017-AC99-41A5-848C-EC5AF1A071FF}.DebugGame Editor|HTML5.ActiveCfg = HTML5_DebugGame_Editor|Win32
		{09375017-AC99-41A5-848C-EC5AF1A071FF}.DebugGame Editor|Win32.ActiveCfg = DebugGame_Editor|Win32
		{09375017-AC99-41A5-848C-EC5AF1A071FF}.DebugGame Editor|Win64.ActiveCfg = DebugGame_Editor|x64
		{09375017-AC99-41A5-848C-EC5AF1A071FF}.DebugGame Editor|Win64.Build.0 = DebugGame_Editor|x64
		{09375017-AC99-41A5-848C-EC5AF1A071FF}.DebugGame|HTML5.ActiveCfg = HTML5_DebugGame_Game|Win32
		{09375017-AC99-41A5-848C-EC5AF1A071FF}.DebugGame|HTML5.Build.0 = HTML5_DebugGame_Game|Win32
		{09375017-AC99-41A5-848C-EC5AF1A071FF}.DebugGame|Win32.ActiveCfg = DebugGame_Game|Win32
		{09375017-AC99-41A5-848C-EC5AF1A071FF}.DebugGame|Win32.Build.0 = DebugGame_Game|Win32
		{09375017-AC99-41A5-848C-EC5AF1A071FF}.DebugGame|Win64.ActiveCfg = DebugGame_Game|x64
		{09375017-AC99-41A5-848C-EC5AF1A071FF}.DebugGame|Win64.Build.0 = DebugGame_Game|x64
		{09375017-AC99-41A5-848C-EC5AF1A071FF}.Development Editor|HTML5.ActiveCfg = HTML5_Development_Editor|Win32
		{09375017-AC99-41A5-848C-EC5AF1A071FF}.Development Editor|Win32.ActiveCfg = Development_Editor|Win32
		{09375017-AC99-41A5-848C-EC5AF1A071FF}.Development Editor|Win64.ActiveCfg = Development_Editor|x64
		{09375017-AC99-41A5-848C-EC5AF1A071FF}.Development Editor|Win64.Build.0 = Development_Editor|x64
		{09375017-AC99-41A5-848C-EC5AF1A071FF}.Development|HTML5.ActiveCfg = HTML5_Development_Game|Win32
		{09375017-AC99-41A5-848C-EC5AF1A071FF}.Development|HTML5.Build.0 = HTML5_Development_Game|Win32
		{09375017-AC99-41A5-848C-EC5AF1A071FF}.Development|Win32.ActiveCfg = Development_Game|Win32
		{09375017-AC99-41A5-848C-EC5AF1A071FF}.Development|Win32.Build.0 = Development_Game|Win32
		{09375017-AC99-41A5-848C-EC5AF1A071FF}.Development|Win64.ActiveCfg = Development_Game|x64
		{09375017-AC99-41A5-848C-EC5AF1A071FF}.Development|Win64.Build.0 = Development_Game|x64
		{09375017-AC99-41A5-848C-EC5AF1A071FF}.Shipping|HTML5.ActiveCfg = HTML5_Shipping_Game|Win32
		{09375017-AC99-41A5-848C-EC5AF1A071FF}.Shipping|HTML5.Build.0 = HTML5_Shipping_Game|Win32
		{09375017-AC99-41A5-848C-EC5AF1A071FF}.Shipping|Win32.ActiveCfg = Shipping_Game|Win32
		{09375017-AC99-41A5-848C-EC5AF1A071FF}.Shipping|Win32.Build.0 = Shipping_Game|Win32
		{09375017-AC99-41A5-848C-EC5AF1A071FF}.Shipping|Win64.ActiveCfg = Shipping_Game|x64
		{09375017-AC99-41A5-848C-EC5AF1A071FF}.Shipping|Win64.Build.0 = Shipping_Game|x64
	EndGlobalSection
	GlobalSection(SolutionProperties) = preSolution
		HideSolutionNode = FALSE
	EndGlobalSection
	GlobalSection(NestedProjects) = preSolution
		{F89240E0-8568-4010-AB16-5B8A9850FDAF} = {1D36241F-7727-47A6-A28B-175D7C335F32}
		{09375017-AC99-41A5-848C-EC5AF1A071FF} = {72BCBACA-2DA5-45C7-BDFB-83D5B9F5049C}
	EndGlobalSection
EndGlobal
